
Microsoft Visual Studio Solution File, Format Version 12.00
# Visual Studio Version 17
VisualStudioVersion = 17.9.34622.214
MinimumVisualStudioVersion = 10.0.40219.1
Project("{9A19103F-16F7-4668-BE54-9A1E7A4F7556}") = "Task1", "Task1\Task1.csproj", "{A0821B7F-5506-4289-8637-5B834C4DF2F6}"
EndProject
Project("{9A19103F-16F7-4668-BE54-9A1E7A4F7556}") = "Task2", "Task2\Task2.csproj", "{42CFFB15-C899-4289-98A0-ECD6837C96A4}"
EndProject
Project("{9A19103F-16F7-4668-BE54-9A1E7A4F7556}") = "Task3", "Task3\Task3.csproj", "{36F2E3DC-202E-4CAD-B03A-72CF88A909A2}"
EndProject
Project("{FAE04EC0-301F-11D3-BF4B-00C04F79EFBC}") = "Task4", "Task4\Task4.csproj", "{B957054F-0F39-4E19-B671-B4AA6BB8311B}"
EndProject
Project("{FAE04EC0-301F-11D3-BF4B-00C04F79EFBC}") = "Task5", "Task5\Task5.csproj", "{07129112-2DEE-40EF-8A62-E65155EA7B82}"
EndProject
Global
	GlobalSection(SolutionConfigurationPlatforms) = preSolution
		Debug|Any CPU = Debug|Any CPU
		Release|Any CPU = Release|Any CPU
	EndGlobalSection
	GlobalSection(ProjectConfigurationPlatforms) = postSolution
		{A0821B7F-5506-4289-8637-5B834C4DF2F6}.Debug|Any CPU.ActiveCfg = Debug|Any CPU
		{A0821B7F-5506-4289-8637-5B834C4DF2F6}.Debug|Any CPU.Build.0 = Debug|Any CPU
		{A0821B7F-5506-4289-8637-5B834C4DF2F6}.Release|Any CPU.ActiveCfg = Release|Any CPU
		{A0821B7F-5506-4289-8637-5B834C4DF2F6}.Release|Any CPU.Build.0 = Release|Any CPU
		{42CFFB15-C899-4289-98A0-ECD6837C96A4}.Debug|Any CPU.ActiveCfg = Debug|Any CPU
		{42CFFB15-C899-4289-98A0-ECD6837C96A4}.Debug|Any CPU.Build.0 = Debug|Any CPU
		{42CFFB15-C899-4289-98A0-ECD6837C96A4}.Release|Any CPU.ActiveCfg = Release|Any CPU
		{42CFFB15-C899-4289-98A0-ECD6837C96A4}.Release|Any CPU.Build.0 = Release|Any CPU
		{36F2E3DC-202E-4CAD-B03A-72CF88A909A2}.Debug|Any CPU.ActiveCfg = Debug|Any CPU
		{36F2E3DC-202E-4CAD-B03A-72CF88A909A2}.Debug|Any CPU.Build.0 = Debug|Any CPU
		{36F2E3DC-202E-4CAD-B03A-72CF88A909A2}.Release|Any CPU.ActiveCfg = Release|Any CPU
		{36F2E3DC-202E-4CAD-B03A-72CF88A909A2}.Release|Any CPU.Build.0 = Release|Any CPU
		{B957054F-0F39-4E19-B671-B4AA6BB8311B}.Debug|Any CPU.ActiveCfg = Debug|Any CPU
		{B957054F-0F39-4E19-B671-B4AA6BB8311B}.Debug|Any CPU.Build.0 = Debug|Any CPU
		{B957054F-0F39-4E19-B671-B4AA6BB8311B}.Release|Any CPU.ActiveCfg = Release|Any CPU
		{B957054F-0F39-4E19-B671-B4AA6BB8311B}.Release|Any CPU.Build.0 = Release|Any CPU
		{07129112-2DEE-40EF-8A62-E65155EA7B82}.Debug|Any CPU.ActiveCfg = Debug|Any CPU
		{07129112-2DEE-40EF-8A62-E65155EA7B82}.Debug|Any CPU.Build.0 = Debug|Any CPU
		{07129112-2DEE-40EF-8A62-E65155EA7B82}.Release|Any CPU.ActiveCfg = Release|Any CPU
		{07129112-2DEE-40EF-8A62-E65155EA7B82}.Release|Any CPU.Build.0 = Release|Any CPU
	EndGlobalSection
	GlobalSection(SolutionProperties) = preSolution
		HideSolutionNode = FALSE
	EndGlobalSection
	GlobalSection(ExtensibilityGlobals) = postSolution
		SolutionGuid = {AEC29651-8D93-4A86-B9A7-F5F5E2E8507E}
	EndGlobalSection
EndGlobal
